
Microsoft Visual Studio Solution File, Format Version 12.00
# Visual Studio Version 16
VisualStudioVersion = 16.0.30611.23
MinimumVisualStudioVersion = 10.0.40219.1
Project("{FAE04EC0-301F-11D3-BF4B-00C04F79EFBC}") = "RentalKendaraan_109", "RentalKendaraan_109\RentalKendaraan_109.csproj", "{F47272BC-7F76-40D7-BCA9-765C5B53AA7C}"
EndProject
Global
	GlobalSection(SolutionConfigurationPlatforms) = preSolution
		Debug|Any CPU = Debug|Any CPU
		Release|Any CPU = Release|Any CPU
	EndGlobalSection
	GlobalSection(ProjectConfigurationPlatforms) = postSolution
		{F47272BC-7F76-40D7-BCA9-765C5B53AA7C}.Debug|Any CPU.ActiveCfg = Debug|Any CPU
		{F47272BC-7F76-40D7-BCA9-765C5B53AA7C}.Debug|Any CPU.Build.0 = Debug|Any CPU
		{F47272BC-7F76-40D7-BCA9-765C5B53AA7C}.Release|Any CPU.ActiveCfg = Release|Any CPU
		{F47272BC-7F76-40D7-BCA9-765C5B53AA7C}.Release|Any CPU.Build.0 = Release|Any CPU
	EndGlobalSection
	GlobalSection(SolutionProperties) = preSolution
		HideSolutionNode = FALSE
	EndGlobalSection
	GlobalSection(ExtensibilityGlobals) = postSolution
		SolutionGuid = {CFA4266D-B770-4A58-8419-17687608D3C2}
	EndGlobalSection
EndGlobal
